
Microsoft Visual Studio Solution File, Format Version 12.00
# Visual Studio 15
VisualStudioVersion = 15.0.28307.779
MinimumVisualStudioVersion = 10.0.40219.1
Project("{FAE04EC0-301F-11D3-BF4B-00C04F79EFBC}") = "OnCallTrackingSystem", "OnCallTrackingSystem\OnCallTrackingSystem.csproj", "{519AA0BF-DC63-4FD3-8F12-F11BEC2F1157}"
EndProject
Global
	GlobalSection(SolutionConfigurationPlatforms) = preSolution
		Debug|Any CPU = Debug|Any CPU
		Release|Any CPU = Release|Any CPU
	EndGlobalSection
	GlobalSection(ProjectConfigurationPlatforms) = postSolution
		{519AA0BF-DC63-4FD3-8F12-F11BEC2F1157}.Debug|Any CPU.ActiveCfg = Debug|Any CPU
		{519AA0BF-DC63-4FD3-8F12-F11BEC2F1157}.Debug|Any CPU.Build.0 = Debug|Any CPU
		{519AA0BF-DC63-4FD3-8F12-F11BEC2F1157}.Release|Any CPU.ActiveCfg = Release|Any CPU
		{519AA0BF-DC63-4FD3-8F12-F11BEC2F1157}.Release|Any CPU.Build.0 = Release|Any CPU
	EndGlobalSection
	GlobalSection(SolutionProperties) = preSolution
		HideSolutionNode = FALSE
	EndGlobalSection
	GlobalSection(ExtensibilityGlobals) = postSolution
		SolutionGuid = {7C14BBDE-1FDE-4CD3-9C8F-EAEE4D3053DC}
	EndGlobalSection
EndGlobal
